
Microsoft Visual Studio Solution File, Format Version 12.00
# Visual Studio Version 17
VisualStudioVersion = 17.14.36705.20 d17.14
MinimumVisualStudioVersion = 10.0.40219.1
Project("{FAE04EC0-301F-11D3-BF4B-00C04F79EFBC}") = "IntegritySentinel.Worker", "IntegritySentinel.Worker\IntegritySentinel.Worker.csproj", "{C1E18AD6-56AA-44BB-BA26-FF8BD826377C}"
EndProject
Global
	GlobalSection(SolutionConfigurationPlatforms) = preSolution
		Debug|Any CPU = Debug|Any CPU
		Release|Any CPU = Release|Any CPU
	EndGlobalSection
	GlobalSection(ProjectConfigurationPlatforms) = postSolution
		{C1E18AD6-56AA-44BB-BA26-FF8BD826377C}.Debug|Any CPU.ActiveCfg = Debug|Any CPU
		{C1E18AD6-56AA-44BB-BA26-FF8BD826377C}.Debug|Any CPU.Build.0 = Debug|Any CPU
		{C1E18AD6-56AA-44BB-BA26-FF8BD826377C}.Release|Any CPU.ActiveCfg = Release|Any CPU
		{C1E18AD6-56AA-44BB-BA26-FF8BD826377C}.Release|Any CPU.Build.0 = Release|Any CPU
	EndGlobalSection
	GlobalSection(SolutionProperties) = preSolution
		HideSolutionNode = FALSE
	EndGlobalSection
	GlobalSection(ExtensibilityGlobals) = postSolution
		SolutionGuid = {ACB6FB99-09F3-44C7-8D88-84F7ED870FF4}
	EndGlobalSection
EndGlobal
